
Microsoft Visual Studio Solution File, Format Version 12.00
# Visual Studio Version 18
VisualStudioVersion = 18.1.11304.174 d18.0
MinimumVisualStudioVersion = 10.0.40219.1
Project("{FAE04EC0-301F-11D3-BF4B-00C04F79EFBC}") = "AntIndex", "AntIndex\AntIndex.csproj", "{F30AD781-AF11-4A36-92C3-75AF932BCBCC}"
EndProject
Project("{FAE04EC0-301F-11D3-BF4B-00C04F79EFBC}") = "AntIndex.UnitTests", "AntIndex.UnitTests\AntIndex.UnitTests.csproj", "{14BB6119-8829-4EE0-BBC7-AA627E23804A}"
EndProject
Project("{2150E333-8FDC-42A3-9474-1A3956D46DE8}") = "Элементы решения", "Элементы решения", "{708FC196-F213-4FEE-95E7-AADE74029AE7}"
	ProjectSection(SolutionItems) = preProject
		README.md = README.md
	EndProjectSection
EndProject
Global
	GlobalSection(SolutionConfigurationPlatforms) = preSolution
		Debug|Any CPU = Debug|Any CPU
		Release|Any CPU = Release|Any CPU
	EndGlobalSection
	GlobalSection(ProjectConfigurationPlatforms) = postSolution
		{F30AD781-AF11-4A36-92C3-75AF932BCBCC}.Debug|Any CPU.ActiveCfg = Debug|Any CPU
		{F30AD781-AF11-4A36-92C3-75AF932BCBCC}.Debug|Any CPU.Build.0 = Debug|Any CPU
		{F30AD781-AF11-4A36-92C3-75AF932BCBCC}.Release|Any CPU.ActiveCfg = Release|Any CPU
		{F30AD781-AF11-4A36-92C3-75AF932BCBCC}.Release|Any CPU.Build.0 = Release|Any CPU
		{14BB6119-8829-4EE0-BBC7-AA627E23804A}.Debug|Any CPU.ActiveCfg = Debug|Any CPU
		{14BB6119-8829-4EE0-BBC7-AA627E23804A}.Debug|Any CPU.Build.0 = Debug|Any CPU
		{14BB6119-8829-4EE0-BBC7-AA627E23804A}.Release|Any CPU.ActiveCfg = Release|Any CPU
		{14BB6119-8829-4EE0-BBC7-AA627E23804A}.Release|Any CPU.Build.0 = Release|Any CPU
	EndGlobalSection
	GlobalSection(SolutionProperties) = preSolution
		HideSolutionNode = FALSE
	EndGlobalSection
	GlobalSection(ExtensibilityGlobals) = postSolution
		SolutionGuid = {38C3F033-13C0-49D6-A614-1F01B15375DF}
	EndGlobalSection
EndGlobal
